
Microsoft Visual Studio Solution File, Format Version 12.00
# Visual Studio 2013
VisualStudioVersion = 12.0.31101.0
MinimumVisualStudioVersion = 10.0.40219.1
Project("{FAE04EC0-301F-11D3-BF4B-00C04F79EFBC}") = "SNowScript", "SNowScript\SNowScript.csproj", "{4541D011-5511-4100-A6E8-931893B3745B}"
EndProject
Project("{2150E333-8FDC-42A3-9474-1A3956D46DE8}") = "PublishScripts", "PublishScripts", "{19371BEA-9F27-4D0C-9DC6-B9F9FFAA6A14}"
	ProjectSection(SolutionItems) = preProject
		PublishScripts\AzureWebsitePublishModule.psm1 = PublishScripts\AzureWebsitePublishModule.psm1
		PublishScripts\Publish-WebApplicationWebsite.ps1 = PublishScripts\Publish-WebApplicationWebsite.ps1
	EndProjectSection
EndProject
Project("{2150E333-8FDC-42A3-9474-1A3956D46DE8}") = "Configurations", "Configurations", "{01DACA40-1742-4EFE-A8E8-A549A06D2C1B}"
	ProjectSection(SolutionItems) = preProject
		PublishScripts\Configurations\SNowScript-WAWS-dev.json = PublishScripts\Configurations\SNowScript-WAWS-dev.json
	EndProjectSection
EndProject
Global
	GlobalSection(SolutionConfigurationPlatforms) = preSolution
		Debug|Any CPU = Debug|Any CPU
		Release|Any CPU = Release|Any CPU
	EndGlobalSection
	GlobalSection(ProjectConfigurationPlatforms) = postSolution
		{4541D011-5511-4100-A6E8-931893B3745B}.Debug|Any CPU.ActiveCfg = Debug|Any CPU
		{4541D011-5511-4100-A6E8-931893B3745B}.Debug|Any CPU.Build.0 = Debug|Any CPU
		{4541D011-5511-4100-A6E8-931893B3745B}.Release|Any CPU.ActiveCfg = Release|Any CPU
		{4541D011-5511-4100-A6E8-931893B3745B}.Release|Any CPU.Build.0 = Release|Any CPU
	EndGlobalSection
	GlobalSection(SolutionProperties) = preSolution
		HideSolutionNode = FALSE
	EndGlobalSection
	GlobalSection(NestedProjects) = preSolution
		{01DACA40-1742-4EFE-A8E8-A549A06D2C1B} = {19371BEA-9F27-4D0C-9DC6-B9F9FFAA6A14}
	EndGlobalSection
EndGlobal
